
Microsoft Visual Studio Solution File, Format Version 12.00
# Visual Studio Version 17
VisualStudioVersion = 17.5.002.0
MinimumVisualStudioVersion = 10.0.40219.1
Project("{9A19103F-16F7-4668-BE54-9A1E7A4F7556}") = "Bezopasnost", "Bezopasnost.csproj", "{99625747-B886-477F-ABBA-B821BD9BE589}"
EndProject
Global
	GlobalSection(SolutionConfigurationPlatforms) = preSolution
		Debug|Any CPU = Debug|Any CPU
		Release|Any CPU = Release|Any CPU
	EndGlobalSection
	GlobalSection(ProjectConfigurationPlatforms) = postSolution
		{99625747-B886-477F-ABBA-B821BD9BE589}.Debug|Any CPU.ActiveCfg = Debug|Any CPU
		{99625747-B886-477F-ABBA-B821BD9BE589}.Debug|Any CPU.Build.0 = Debug|Any CPU
		{99625747-B886-477F-ABBA-B821BD9BE589}.Release|Any CPU.ActiveCfg = Release|Any CPU
		{99625747-B886-477F-ABBA-B821BD9BE589}.Release|Any CPU.Build.0 = Release|Any CPU
	EndGlobalSection
	GlobalSection(SolutionProperties) = preSolution
		HideSolutionNode = FALSE
	EndGlobalSection
	GlobalSection(ExtensibilityGlobals) = postSolution
		SolutionGuid = {C3D52EC0-7D58-4E4A-B116-4617C406BE59}
	EndGlobalSection
EndGlobal
