
Microsoft Visual Studio Solution File, Format Version 12.00
# Visual Studio Version 17
VisualStudioVersion = 17.5.002.0
MinimumVisualStudioVersion = 10.0.40219.1
Project("{9A19103F-16F7-4668-BE54-9A1E7A4F7556}") = "DZ3.Draft", "DZ3.Draft.csproj", "{58755155-CAA1-4408-85B4-A31DF6254B85}"
EndProject
Global
	GlobalSection(SolutionConfigurationPlatforms) = preSolution
		Debug|Any CPU = Debug|Any CPU
		Release|Any CPU = Release|Any CPU
	EndGlobalSection
	GlobalSection(ProjectConfigurationPlatforms) = postSolution
		{58755155-CAA1-4408-85B4-A31DF6254B85}.Debug|Any CPU.ActiveCfg = Debug|Any CPU
		{58755155-CAA1-4408-85B4-A31DF6254B85}.Debug|Any CPU.Build.0 = Debug|Any CPU
		{58755155-CAA1-4408-85B4-A31DF6254B85}.Release|Any CPU.ActiveCfg = Release|Any CPU
		{58755155-CAA1-4408-85B4-A31DF6254B85}.Release|Any CPU.Build.0 = Release|Any CPU
	EndGlobalSection
	GlobalSection(SolutionProperties) = preSolution
		HideSolutionNode = FALSE
	EndGlobalSection
	GlobalSection(ExtensibilityGlobals) = postSolution
		SolutionGuid = {320578A2-771D-4962-949D-AB66FDA17FE2}
	EndGlobalSection
EndGlobal
